
Microsoft Visual Studio Solution File, Format Version 12.00
# Visual Studio 15
VisualStudioVersion = 15.0.27130.2026
MinimumVisualStudioVersion = 10.0.40219.1
Project("{F2A71F9B-5D33-465A-A702-920D77279786}") = "ValidateOrCreateDb", "ValidateOrCreateDb\ValidateOrCreateDb.fsproj", "{66066670-80EE-4959-B088-B8BC8356AA66}"
EndProject
Project("{F2A71F9B-5D33-465A-A702-920D77279786}") = "CRUD", "CRUD\CRUD.fsproj", "{FB6708CF-572D-4931-8B61-5FB8A05EDC12}"
EndProject
Project("{F2A71F9B-5D33-465A-A702-920D77279786}") = "RESTful", "RESTful\RESTful.fsproj", "{FF65629B-6501-4F83-A941-026234A4AF3C}"
EndProject
Project("{F2A71F9B-5D33-465A-A702-920D77279786}") = "DbConnection", "DbConnection\DbConnection.fsproj", "{8ACAC3EF-AF15-466D-9646-AAF11409D9E5}"
EndProject
Project("{F2A71F9B-5D33-465A-A702-920D77279786}") = "FinanceYahooMock", "FinanceYahooMock\FinanceYahooMock.fsproj", "{BB0ECB3C-80D4-4B9D-9ACD-4E298FBB9836}"
EndProject
Project("{F2A71F9B-5D33-465A-A702-920D77279786}") = "DataCollector", "DataCollector\DataCollector.fsproj", "{4D0E27B3-02AC-49BC-9B41-8BB1E8A1B00E}"
EndProject
Global
	GlobalSection(SolutionConfigurationPlatforms) = preSolution
		Debug|Any CPU = Debug|Any CPU
		Release|Any CPU = Release|Any CPU
	EndGlobalSection
	GlobalSection(ProjectConfigurationPlatforms) = postSolution
		{66066670-80EE-4959-B088-B8BC8356AA66}.Debug|Any CPU.ActiveCfg = Debug|Any CPU
		{66066670-80EE-4959-B088-B8BC8356AA66}.Debug|Any CPU.Build.0 = Debug|Any CPU
		{66066670-80EE-4959-B088-B8BC8356AA66}.Release|Any CPU.ActiveCfg = Release|Any CPU
		{66066670-80EE-4959-B088-B8BC8356AA66}.Release|Any CPU.Build.0 = Release|Any CPU
		{FB6708CF-572D-4931-8B61-5FB8A05EDC12}.Debug|Any CPU.ActiveCfg = Debug|Any CPU
		{FB6708CF-572D-4931-8B61-5FB8A05EDC12}.Debug|Any CPU.Build.0 = Debug|Any CPU
		{FB6708CF-572D-4931-8B61-5FB8A05EDC12}.Release|Any CPU.ActiveCfg = Release|Any CPU
		{FB6708CF-572D-4931-8B61-5FB8A05EDC12}.Release|Any CPU.Build.0 = Release|Any CPU
		{FF65629B-6501-4F83-A941-026234A4AF3C}.Debug|Any CPU.ActiveCfg = Debug|Any CPU
		{FF65629B-6501-4F83-A941-026234A4AF3C}.Debug|Any CPU.Build.0 = Debug|Any CPU
		{FF65629B-6501-4F83-A941-026234A4AF3C}.Release|Any CPU.ActiveCfg = Release|Any CPU
		{FF65629B-6501-4F83-A941-026234A4AF3C}.Release|Any CPU.Build.0 = Release|Any CPU
		{8ACAC3EF-AF15-466D-9646-AAF11409D9E5}.Debug|Any CPU.ActiveCfg = Debug|Any CPU
		{8ACAC3EF-AF15-466D-9646-AAF11409D9E5}.Debug|Any CPU.Build.0 = Debug|Any CPU
		{8ACAC3EF-AF15-466D-9646-AAF11409D9E5}.Release|Any CPU.ActiveCfg = Release|Any CPU
		{8ACAC3EF-AF15-466D-9646-AAF11409D9E5}.Release|Any CPU.Build.0 = Release|Any CPU
		{BB0ECB3C-80D4-4B9D-9ACD-4E298FBB9836}.Debug|Any CPU.ActiveCfg = Debug|Any CPU
		{BB0ECB3C-80D4-4B9D-9ACD-4E298FBB9836}.Debug|Any CPU.Build.0 = Debug|Any CPU
		{BB0ECB3C-80D4-4B9D-9ACD-4E298FBB9836}.Release|Any CPU.ActiveCfg = Release|Any CPU
		{BB0ECB3C-80D4-4B9D-9ACD-4E298FBB9836}.Release|Any CPU.Build.0 = Release|Any CPU
		{4D0E27B3-02AC-49BC-9B41-8BB1E8A1B00E}.Debug|Any CPU.ActiveCfg = Debug|Any CPU
		{4D0E27B3-02AC-49BC-9B41-8BB1E8A1B00E}.Debug|Any CPU.Build.0 = Debug|Any CPU
		{4D0E27B3-02AC-49BC-9B41-8BB1E8A1B00E}.Release|Any CPU.ActiveCfg = Release|Any CPU
		{4D0E27B3-02AC-49BC-9B41-8BB1E8A1B00E}.Release|Any CPU.Build.0 = Release|Any CPU
	EndGlobalSection
	GlobalSection(SolutionProperties) = preSolution
		HideSolutionNode = FALSE
	EndGlobalSection
	GlobalSection(ExtensibilityGlobals) = postSolution
		SolutionGuid = {A90CF3B1-09AF-4B20-A180-20F8C61478FB}
	EndGlobalSection
EndGlobal
